
Microsoft Visual Studio Solution File, Format Version 12.00
# Visual Studio Version 16
VisualStudioVersion = 16.0.32228.343
MinimumVisualStudioVersion = 10.0.40219.1
Project("{8BC9CEB8-8B4A-11D0-8D11-00A0C91BC942}") = "SDL2_Engine_Project", "SDL2_Engine_Project.vcxproj", "{38645ADE-47A6-4BC8-9859-02A0FC9D87DC}"
EndProject
Global
	GlobalSection(SolutionConfigurationPlatforms) = preSolution
		Debug|x64 = Debug|x64
		Release|x64 = Release|x64
	EndGlobalSection
	GlobalSection(ProjectConfigurationPlatforms) = postSolution
		{38645ADE-47A6-4BC8-9859-02A0FC9D87DC}.Debug|x64.ActiveCfg = Debug|x64
		{38645ADE-47A6-4BC8-9859-02A0FC9D87DC}.Debug|x64.Build.0 = Debug|x64
		{38645ADE-47A6-4BC8-9859-02A0FC9D87DC}.Release|x64.ActiveCfg = Release|x64
		{38645ADE-47A6-4BC8-9859-02A0FC9D87DC}.Release|x64.Build.0 = Release|x64
	EndGlobalSection
	GlobalSection(SolutionProperties) = preSolution
		HideSolutionNode = FALSE
	EndGlobalSection
	GlobalSection(ExtensibilityGlobals) = postSolution
		SolutionGuid = {F1157025-4380-4C14-8B9A-05085D3C490B}
	EndGlobalSection
EndGlobal
