<?xml version="1.0" encoding="utf-8"?>
<Project ToolsVersion="4.0" xmlns="http://schemas.microsoft.com/developer/msbuild/2003">
  <ItemGroup>
    <ClCompile Include="config\AppConfig.cpp" />
    <ClCompile Include="game\config\GameConfig.cpp" />
    <ClCompile Include="game\config\GameObjectConfig.cpp" />
    <ClCompile Include="game\Camera.cpp" />
    <ClCompile Include="game\Game.cpp" />
    <ClCompile Include="game\GameObject.cpp" />
    <ClCompile Include="ui\menus\config\MenuManagerConfig.cpp" />
    <ClCompile Include="ui\menus\console_menu\ConsoleMenu.cpp" />
    <ClCompile Include="ui\menus\start_menu\config\StartMenuConfig.cpp" />
    <ClCompile Include="ui\menus\start_menu\StartMenu.cpp" />
    <ClCompile Include="ui\menus\MenuManager.cpp" />
    <ClCompile Include="App.cpp" />
    <ClCompile Include="AppHelpers.cpp" />
    <ClCompile Include="test_opengl\OpenGLExperiment.cpp" />
    <ClCompile Include="main.cpp" />
    <ClCompile Include="engine\config\EngineConfig.cpp" />
    <ClCompile Include="engine\settings\Settings.cpp" />
    <ClCompile Include="engine\Engine.cpp" />
    <ClCompile Include="ui\menus\CustomUIMenuBase.cpp" />
    <ClCompile Include="stdafx.cpp" />
    <ClCompile Include="components\Component.cpp" />
    <ClCompile Include="components\GameWorldPositionComponent.cpp" />
    <ClCompile Include="components\ImageComponent.cpp" />
  </ItemGroup>
  <ItemGroup>
    <ClInclude Include="config\AppConfig.h" />
    <ClInclude Include="game\config\GameConfig.h" />
    <ClInclude Include="game\config\GameObjectConfig.h" />
    <ClInclude Include="game\Camera.h" />
    <ClInclude Include="game\Game.h" />
    <ClInclude Include="game\GameObject.h" />
    <ClInclude Include="ui\menus\config\MenuManagerConfig.h" />
    <ClInclude Include="ui\menus\console_menu\ConsoleMenu.h" />
    <ClInclude Include="ui\menus\start_menu\config\StartMenuConfig.h" />
    <ClInclude Include="ui\menus\start_menu\StartMenu.h" />
    <ClInclude Include="ui\menus\MenuManager.h" />
    <ClInclude Include="App.h" />
    <ClInclude Include="AppHelpers.h" />
    <ClInclude Include="defines\Defines.h" />
    <ClInclude Include="test_opengl\OpenGLExperiment.h" />
    <ClInclude Include="stdafx.h" />
    <ClInclude Include="engine\config\EngineConfig.h" />
    <ClInclude Include="engine\settings\Settings.h" />
    <ClInclude Include="engine\Engine.h" />
    <ClInclude Include="ui\menus\CustomUIMenuBase.h" />
    <ClInclude Include="components\Component.h" />
    <ClInclude Include="components\GameWorldPositionComponent.h" />
    <ClInclude Include="components\ImageComponent.h" />
  </ItemGroup>
</Project>