<?xml version="1.0" encoding="utf-8"?>
<Project ToolsVersion="4.0" xmlns="http://schemas.microsoft.com/developer/msbuild/2003">
  <ItemGroup>
    <ClCompile Include="components\audio\AudioObject.cpp" />
    <ClCompile Include="components\audio\Music.cpp" />
    <ClCompile Include="components\audio\Sound.cpp" />
    <ClCompile Include="components\drawing\DrawObject.cpp" />
    <ClCompile Include="components\drawing\DynamicText.cpp" />
    <ClCompile Include="components\drawing\Image.cpp" />
    <ClCompile Include="components\drawing\Text.cpp" />
    <ClCompile Include="components\time\Timer.cpp" />
    <ClCompile Include="components\ui\base_classes\UIComponentBase.cpp" />
    <ClCompile Include="components\ui\base_classes\UIMenuBase.cpp" />
    <ClCompile Include="components\ui\components\config\ButtonConfig.cpp" />
    <ClCompile Include="components\ui\components\config\CheckboxConfig.cpp" />
    <ClCompile Include="components\ui\components\config\RadioButtonConfig.cpp" />
    <ClCompile Include="components\ui\components\config\TextBoxConfig.cpp" />
    <ClCompile Include="components\ui\components\Button.cpp" />
    <ClCompile Include="components\ui\components\Checkbox.cpp" />
    <ClCompile Include="components\ui\components\RadioButton.cpp" />
    <ClCompile Include="components\ui\components\TextBox.cpp" />
    <ClCompile Include="components\ui\ui_utils\TextInputter.cpp" />
    <ClCompile Include="managers\config\AssetManagerConfig.cpp" />
    <ClCompile Include="managers\config\AudioManagerConfig.cpp" />
    <ClCompile Include="managers\config\DrawManagerConfig.cpp" />
    <ClCompile Include="managers\config\ImGuiManagerConfig.cpp" />
    <ClCompile Include="managers\config\TimerManagerConfig.cpp" />
    <ClCompile Include="managers\AssetManager.cpp" />
    <ClCompile Include="managers\AudioManager.cpp" />
    <ClCompile Include="managers\DrawManager.cpp" />
    <ClCompile Include="managers\ImGuiManager.cpp" />
    <ClCompile Include="managers\ManagersHelpers.cpp" />
    <ClCompile Include="managers\TimerManager.cpp" />
    <ClCompile Include="sdl_utils\audio\Audio.cpp" />
    <ClCompile Include="sdl_utils\audio\AudioParameters.cpp" />
    <ClCompile Include="sdl_utils\containers\config\FontContainerConfig.cpp" />
    <ClCompile Include="sdl_utils\containers\config\ImageContainerConfig.cpp" />
    <ClCompile Include="sdl_utils\containers\config\MusicContainerConfig.cpp" />
    <ClCompile Include="sdl_utils\containers\config\SoundContainerConfig.cpp" />
    <ClCompile Include="sdl_utils\containers\config\TextContainerConfig.cpp" />
    <ClCompile Include="sdl_utils\containers\config\TimerContainerConfig.cpp" />
    <ClCompile Include="sdl_utils\containers\font_container\FontContainer.cpp" />
    <ClCompile Include="sdl_utils\containers\font_container\FontData.cpp" />
    <ClCompile Include="sdl_utils\containers\image_container\ImageContainer.cpp" />
    <ClCompile Include="sdl_utils\containers\image_container\ImageData.cpp" />
    <ClCompile Include="sdl_utils\containers\music_container\MusicContainer.cpp" />
    <ClCompile Include="sdl_utils\containers\music_container\MusicData.cpp" />
    <ClCompile Include="sdl_utils\containers\sound_container\SoundContainer.cpp" />
    <ClCompile Include="sdl_utils\containers\sound_container\SoundData.cpp" />
    <ClCompile Include="sdl_utils\containers\text_container\TextContainer.cpp" />
    <ClCompile Include="sdl_utils\containers\text_container\TextData.cpp" />
    <ClCompile Include="sdl_utils\containers\timer_container\TimerContainer.cpp" />
    <ClCompile Include="sdl_utils\containers\timer_container\TimerData.cpp" />
    <ClCompile Include="sdl_utils\drawing\config\RendererConfig.cpp" />
    <ClCompile Include="sdl_utils\drawing\config\WindowConfig.cpp" />
    <ClCompile Include="sdl_utils\drawing\DrawParameters.cpp" />
    <ClCompile Include="sdl_utils\drawing\Renderer.cpp" />
    <ClCompile Include="sdl_utils\drawing\SDLDrawing.cpp" />
    <ClCompile Include="sdl_utils\drawing\Texture.cpp" />
    <ClCompile Include="sdl_utils\drawing\Window.cpp" />
    <ClCompile Include="sdl_utils\input\InputEvent.cpp" />
    <ClCompile Include="sdl_utils\SDLLoader.cpp" />
    <ClCompile Include="utils\drawing\Color.cpp" />
    <ClCompile Include="utils\geometry\Circle.cpp" />
    <ClCompile Include="utils\geometry\Point.cpp" />
    <ClCompile Include="utils\geometry\Position.cpp" />
    <ClCompile Include="utils\geometry\Rectangle.cpp" />
    <ClCompile Include="utils\input_output\Assert.cpp" />
    <ClCompile Include="utils\input_output\ConfigReaderUtils.cpp" />
    <ClCompile Include="utils\input_output\Log.cpp" />
    <ClCompile Include="utils\input_output\ReadWriteFile.cpp" />
    <ClCompile Include="utils\others\Crypto.cpp" />
    <ClCompile Include="utils\others\Hash.cpp" />
    <ClCompile Include="utils\others\RandomNumberGenerator.cpp" />
    <ClCompile Include="utils\string\String.cpp" />
    <ClCompile Include="utils\time\Time.cpp" />
    <ClCompile Include="stdafx.cpp" />
    <ClCompile Include="utils\containers\BinaryStruct.cpp" />
  </ItemGroup>
  <ItemGroup>
    <ClInclude Include="components\audio\AudioObject.h" />
    <ClInclude Include="components\audio\Music.h" />
    <ClInclude Include="components\audio\Sound.h" />
    <ClInclude Include="components\drawing\DrawObject.h" />
    <ClInclude Include="components\drawing\DynamicText.h" />
    <ClInclude Include="components\drawing\Image.h" />
    <ClInclude Include="components\drawing\Text.h" />
    <ClInclude Include="components\time\Timer.h" />
    <ClInclude Include="components\ui\base_classes\UIComponentBase.h" />
    <ClInclude Include="components\ui\base_classes\UIMenuBase.h" />
    <ClInclude Include="components\ui\components\config\ButtonConfig.h" />
    <ClInclude Include="components\ui\components\config\CheckboxConfig.h" />
    <ClInclude Include="components\ui\components\config\RadioButtonConfig.h" />
    <ClInclude Include="components\ui\components\config\TextBoxConfig.h" />
    <ClInclude Include="components\ui\components\Button.h" />
    <ClInclude Include="components\ui\components\Checkbox.h" />
    <ClInclude Include="components\ui\components\RadioButton.h" />
    <ClInclude Include="components\ui\components\TextBox.h" />
    <ClInclude Include="components\ui\ui_utils\TextInputter.h" />
    <ClInclude Include="defines\ConfigFilePaths.h" />
    <ClInclude Include="managers\config\AssetManagerConfig.h" />
    <ClInclude Include="managers\config\AudioManagerConfig.h" />
    <ClInclude Include="managers\config\DrawManagerConfig.h" />
    <ClInclude Include="managers\config\ImGuiManagerConfig.h" />
    <ClInclude Include="managers\config\TimerManagerConfig.h" />
    <ClInclude Include="managers\AssetManager.h" />
    <ClInclude Include="managers\AudioManager.h" />
    <ClInclude Include="managers\Defines.h" />
    <ClInclude Include="managers\DrawManager.h" />
    <ClInclude Include="managers\ImGuiManager.h" />
    <ClInclude Include="managers\ManagersHelpers.h" />
    <ClInclude Include="managers\TimerManager.h" />
    <ClInclude Include="sdl_utils\audio\Audio.h" />
    <ClInclude Include="sdl_utils\audio\AudioParameters.h" />
    <ClInclude Include="sdl_utils\containers\config\FontContainerConfig.h" />
    <ClInclude Include="sdl_utils\containers\config\ImageContainerConfig.h" />
    <ClInclude Include="sdl_utils\containers\config\MusicContainerConfig.h" />
    <ClInclude Include="sdl_utils\containers\config\SoundContainerConfig.h" />
    <ClInclude Include="sdl_utils\containers\config\TextContainerConfig.h" />
    <ClInclude Include="sdl_utils\containers\config\TimerContainerConfig.h" />
    <ClInclude Include="sdl_utils\containers\font_container\FontContainer.h" />
    <ClInclude Include="sdl_utils\containers\font_container\FontData.h" />
    <ClInclude Include="sdl_utils\containers\image_container\ImageContainer.h" />
    <ClInclude Include="sdl_utils\containers\image_container\ImageData.h" />
    <ClInclude Include="sdl_utils\containers\music_container\MusicContainer.h" />
    <ClInclude Include="sdl_utils\containers\music_container\MusicData.h" />
    <ClInclude Include="sdl_utils\containers\sound_container\SoundContainer.h" />
    <ClInclude Include="sdl_utils\containers\sound_container\SoundData.h" />
    <ClInclude Include="sdl_utils\containers\text_container\TextContainer.h" />
    <ClInclude Include="sdl_utils\containers\text_container\TextData.h" />
    <ClInclude Include="sdl_utils\containers\timer_container\TimerContainer.h" />
    <ClInclude Include="sdl_utils\containers\timer_container\TimerData.h" />
    <ClInclude Include="sdl_utils\drawing\config\RendererConfig.h" />
    <ClInclude Include="sdl_utils\drawing\config\WindowConfig.h" />
    <ClInclude Include="sdl_utils\drawing\DrawParameters.h" />
    <ClInclude Include="sdl_utils\drawing\Renderer.h" />
    <ClInclude Include="sdl_utils\drawing\SDLDrawing.h" />
    <ClInclude Include="sdl_utils\drawing\Texture.h" />
    <ClInclude Include="sdl_utils\drawing\Window.h" />
    <ClInclude Include="sdl_utils\input\EventDefines.h" />
    <ClInclude Include="sdl_utils\input\InputEvent.h" />
    <ClInclude Include="sdl_utils\Defines.h" />
    <ClInclude Include="sdl_utils\SDLLoader.h" />
    <ClInclude Include="utils\drawing\Color.h" />
    <ClInclude Include="utils\geometry\Circle.h" />
    <ClInclude Include="utils\geometry\Point.h" />
    <ClInclude Include="utils\geometry\Position.h" />
    <ClInclude Include="utils\geometry\Rectangle.h" />
    <ClInclude Include="utils\input_output\Assert.h" />
    <ClInclude Include="utils\input_output\ConfigReaderUtils.h" />
    <ClInclude Include="utils\input_output\Log.h" />
    <ClInclude Include="utils\input_output\ReadWriteFile.h" />
    <ClInclude Include="utils\others\CodeReadability.h" />
    <ClInclude Include="utils\others\Crypto.h" />
    <ClInclude Include="utils\others\Hash.h" />
    <ClInclude Include="utils\others\RandomNumberGenerator.h" />
    <ClInclude Include="utils\string\String.h" />
    <ClInclude Include="utils\time\Time.h" />
    <ClInclude Include="utils\Defines.h" />
    <ClInclude Include="stdafx.h" />
    <ClInclude Include="utils\containers\BinaryStruct.h" />
  </ItemGroup>
</Project>